
Microsoft Visual Studio Solution File, Format Version 12.00
# Visual Studio Version 17
VisualStudioVersion = 17.12.35707.178 d17.12
MinimumVisualStudioVersion = 10.0.40219.1
Project("{FAE04EC0-301F-11D3-BF4B-00C04F79EFBC}") = "NavigationView", "NavigationView\NavigationView.csproj", "{0B984E40-2CAC-43B1-9AC4-771068CAF888}"
EndProject
Project("{FAE04EC0-301F-11D3-BF4B-00C04F79EFBC}") = "NavigationView.Android", "NavigationView.Android\NavigationView.Android.csproj", "{A4BA8F53-841B-4A25-A908-D41500887F8E}"
EndProject
Project("{FAE04EC0-301F-11D3-BF4B-00C04F79EFBC}") = "NavigationView.Desktop", "NavigationView.Desktop\NavigationView.Desktop.csproj", "{556474ED-9F4D-46F2-AACD-8BC3EE269370}"
EndProject
Global
	GlobalSection(SolutionConfigurationPlatforms) = preSolution
		Debug|Any CPU = Debug|Any CPU
		Release|Any CPU = Release|Any CPU
	EndGlobalSection
	GlobalSection(ProjectConfigurationPlatforms) = postSolution
		{0B984E40-2CAC-43B1-9AC4-771068CAF888}.Debug|Any CPU.ActiveCfg = Debug|Any CPU
		{0B984E40-2CAC-43B1-9AC4-771068CAF888}.Debug|Any CPU.Build.0 = Debug|Any CPU
		{0B984E40-2CAC-43B1-9AC4-771068CAF888}.Release|Any CPU.ActiveCfg = Release|Any CPU
		{0B984E40-2CAC-43B1-9AC4-771068CAF888}.Release|Any CPU.Build.0 = Release|Any CPU
		{A4BA8F53-841B-4A25-A908-D41500887F8E}.Debug|Any CPU.ActiveCfg = Debug|Any CPU
		{A4BA8F53-841B-4A25-A908-D41500887F8E}.Debug|Any CPU.Build.0 = Debug|Any CPU
		{A4BA8F53-841B-4A25-A908-D41500887F8E}.Debug|Any CPU.Deploy.0 = Debug|Any CPU
		{A4BA8F53-841B-4A25-A908-D41500887F8E}.Release|Any CPU.ActiveCfg = Release|Any CPU
		{A4BA8F53-841B-4A25-A908-D41500887F8E}.Release|Any CPU.Build.0 = Release|Any CPU
		{A4BA8F53-841B-4A25-A908-D41500887F8E}.Release|Any CPU.Deploy.0 = Release|Any CPU
		{556474ED-9F4D-46F2-AACD-8BC3EE269370}.Debug|Any CPU.ActiveCfg = Debug|Any CPU
		{556474ED-9F4D-46F2-AACD-8BC3EE269370}.Debug|Any CPU.Build.0 = Debug|Any CPU
		{556474ED-9F4D-46F2-AACD-8BC3EE269370}.Release|Any CPU.ActiveCfg = Release|Any CPU
		{556474ED-9F4D-46F2-AACD-8BC3EE269370}.Release|Any CPU.Build.0 = Release|Any CPU
	EndGlobalSection
	GlobalSection(SolutionProperties) = preSolution
		HideSolutionNode = FALSE
	EndGlobalSection
EndGlobal
