
Microsoft Visual Studio Solution File, Format Version 12.00
Project("{FAE04EC0-301F-11D3-BF4B-00C04F79EFBC}") = "Reddilonia", "src\Reddilonia\Reddilonia.csproj", "{950EA312-427D-44F4-9EFA-1A56E42D2CE1}"
EndProject
Project("{FAE04EC0-301F-11D3-BF4B-00C04F79EFBC}") = "Reddilonia.Android", "src\Reddilonia.Android\Reddilonia.Android.csproj", "{5FF85AF0-F50C-4460-988E-ECB3A3ED4133}"
EndProject
Project("{FAE04EC0-301F-11D3-BF4B-00C04F79EFBC}") = "Reddilonia.Desktop", "src\Reddilonia.Desktop\Reddilonia.Desktop.csproj", "{5FAEC3E4-1533-48BF-82FB-FAE7A96B144B}"
EndProject
Project("{2150E333-8FDC-42A3-9474-1A3956D46DE8}") = "src", "src", "{D9CDD21C-9EA8-4D83-8F63-D676BA2CBF9F}"
EndProject
Project("{FAE04EC0-301F-11D3-BF4B-00C04F79EFBC}") = "Reddit.Client", "src\Reddit.Client\Reddit.Client.csproj", "{77DB2619-8E16-4B16-9147-34AC0595CC24}"
EndProject
Project("{2150E333-8FDC-42A3-9474-1A3956D46DE8}") = "Solution Items", "Solution Items", "{3BC9D6A1-354A-4EDE-B9C6-B3BE2C6ED6C1}"
	ProjectSection(SolutionItems) = preProject
		src\Directory.Build.props = src\Directory.Build.props
		README.md = README.md
	EndProjectSection
EndProject
Global
	GlobalSection(SolutionConfigurationPlatforms) = preSolution
		Debug|Any CPU = Debug|Any CPU
		Release|Any CPU = Release|Any CPU
	EndGlobalSection
	GlobalSection(ProjectConfigurationPlatforms) = postSolution
		{950EA312-427D-44F4-9EFA-1A56E42D2CE1}.Debug|Any CPU.ActiveCfg = Debug|Any CPU
		{950EA312-427D-44F4-9EFA-1A56E42D2CE1}.Debug|Any CPU.Build.0 = Debug|Any CPU
		{950EA312-427D-44F4-9EFA-1A56E42D2CE1}.Release|Any CPU.ActiveCfg = Release|Any CPU
		{950EA312-427D-44F4-9EFA-1A56E42D2CE1}.Release|Any CPU.Build.0 = Release|Any CPU
		{5FF85AF0-F50C-4460-988E-ECB3A3ED4133}.Debug|Any CPU.ActiveCfg = Debug|Any CPU
		{5FF85AF0-F50C-4460-988E-ECB3A3ED4133}.Debug|Any CPU.Build.0 = Debug|Any CPU
		{5FF85AF0-F50C-4460-988E-ECB3A3ED4133}.Debug|Any CPU.Deploy.0 = Debug|Any CPU
		{5FF85AF0-F50C-4460-988E-ECB3A3ED4133}.Release|Any CPU.ActiveCfg = Release|Any CPU
		{5FF85AF0-F50C-4460-988E-ECB3A3ED4133}.Release|Any CPU.Build.0 = Release|Any CPU
		{5FF85AF0-F50C-4460-988E-ECB3A3ED4133}.Release|Any CPU.Deploy.0 = Release|Any CPU
		{5FAEC3E4-1533-48BF-82FB-FAE7A96B144B}.Debug|Any CPU.ActiveCfg = Debug|Any CPU
		{5FAEC3E4-1533-48BF-82FB-FAE7A96B144B}.Debug|Any CPU.Build.0 = Debug|Any CPU
		{5FAEC3E4-1533-48BF-82FB-FAE7A96B144B}.Release|Any CPU.ActiveCfg = Release|Any CPU
		{5FAEC3E4-1533-48BF-82FB-FAE7A96B144B}.Release|Any CPU.Build.0 = Release|Any CPU
		{77DB2619-8E16-4B16-9147-34AC0595CC24}.Debug|Any CPU.ActiveCfg = Debug|Any CPU
		{77DB2619-8E16-4B16-9147-34AC0595CC24}.Debug|Any CPU.Build.0 = Debug|Any CPU
		{77DB2619-8E16-4B16-9147-34AC0595CC24}.Release|Any CPU.ActiveCfg = Release|Any CPU
		{77DB2619-8E16-4B16-9147-34AC0595CC24}.Release|Any CPU.Build.0 = Release|Any CPU
	EndGlobalSection
	GlobalSection(NestedProjects) = preSolution
		{950EA312-427D-44F4-9EFA-1A56E42D2CE1} = {D9CDD21C-9EA8-4D83-8F63-D676BA2CBF9F}
		{5FF85AF0-F50C-4460-988E-ECB3A3ED4133} = {D9CDD21C-9EA8-4D83-8F63-D676BA2CBF9F}
		{5FAEC3E4-1533-48BF-82FB-FAE7A96B144B} = {D9CDD21C-9EA8-4D83-8F63-D676BA2CBF9F}
		{77DB2619-8E16-4B16-9147-34AC0595CC24} = {D9CDD21C-9EA8-4D83-8F63-D676BA2CBF9F}
	EndGlobalSection
EndGlobal
